
Microsoft Visual Studio Solution File, Format Version 12.00
# Visual Studio 15
VisualStudioVersion = 15.0.27703.2035
MinimumVisualStudioVersion = 10.0.40219.1
Project("{FAE04EC0-301F-11D3-BF4B-00C04F79EFBC}") = "FiftyStatesTracker", "FiftyStatesTracker\FiftyStatesTracker.csproj", "{D11DA899-599A-49F9-BA62-73A9052B195E}"
EndProject
Global
	GlobalSection(SolutionConfigurationPlatforms) = preSolution
		Debug|Any CPU = Debug|Any CPU
		Release|Any CPU = Release|Any CPU
	EndGlobalSection
	GlobalSection(ProjectConfigurationPlatforms) = postSolution
		{D11DA899-599A-49F9-BA62-73A9052B195E}.Debug|Any CPU.ActiveCfg = Debug|Any CPU
		{D11DA899-599A-49F9-BA62-73A9052B195E}.Debug|Any CPU.Build.0 = Debug|Any CPU
		{D11DA899-599A-49F9-BA62-73A9052B195E}.Release|Any CPU.ActiveCfg = Release|Any CPU
		{D11DA899-599A-49F9-BA62-73A9052B195E}.Release|Any CPU.Build.0 = Release|Any CPU
	EndGlobalSection
	GlobalSection(SolutionProperties) = preSolution
		HideSolutionNode = FALSE
	EndGlobalSection
	GlobalSection(ExtensibilityGlobals) = postSolution
		SolutionGuid = {9A3D9422-5F54-4BA9-BB85-4B5F722146D1}
	EndGlobalSection
EndGlobal
